
Microsoft Visual Studio Solution File, Format Version 12.00
# Visual Studio Version 17
VisualStudioVersion = 17.13.35828.75 d17.13
MinimumVisualStudioVersion = 10.0.40219.1
Project("{FAE04EC0-301F-11D3-BF4B-00C04F79EFBC}") = "Aliasly", "Aliasly\Aliasly.csproj", "{B55427B1-0FD5-4FDB-995F-79B2DD56D9D4}"
EndProject
Global
	GlobalSection(SolutionConfigurationPlatforms) = preSolution
		Debug|Any CPU = Debug|Any CPU
		Release|Any CPU = Release|Any CPU
	EndGlobalSection
	GlobalSection(ProjectConfigurationPlatforms) = postSolution
		{B55427B1-0FD5-4FDB-995F-79B2DD56D9D4}.Debug|Any CPU.ActiveCfg = Debug|Any CPU
		{B55427B1-0FD5-4FDB-995F-79B2DD56D9D4}.Debug|Any CPU.Build.0 = Debug|Any CPU
		{B55427B1-0FD5-4FDB-995F-79B2DD56D9D4}.Release|Any CPU.ActiveCfg = Release|Any CPU
		{B55427B1-0FD5-4FDB-995F-79B2DD56D9D4}.Release|Any CPU.Build.0 = Release|Any CPU
	EndGlobalSection
	GlobalSection(SolutionProperties) = preSolution
		HideSolutionNode = FALSE
	EndGlobalSection
	GlobalSection(ExtensibilityGlobals) = postSolution
		SolutionGuid = {499C8925-ECFC-421F-92DA-F80847869C97}
	EndGlobalSection
EndGlobal
